
Microsoft Visual Studio Solution File, Format Version 12.00
# Visual Studio 15
VisualStudioVersion = 15.0.27130.2036
MinimumVisualStudioVersion = 10.0.40219.1
Project("{9A19103F-16F7-4668-BE54-9A1E7A4F7556}") = "FastRsync.Tests", "FastRsync.Tests\FastRsync.Tests.csproj", "{CF4B2B1E-71C3-4C8F-92C1-60B2D617A186}"
EndProject
Project("{9A19103F-16F7-4668-BE54-9A1E7A4F7556}") = "FastRsync.Benchmarks", "FastRsync.Benchmarks\FastRsync.Benchmarks.csproj", "{040122B6-214A-470A-BEB0-A2779E7EE3EC}"
EndProject
Project("{FAE04EC0-301F-11D3-BF4B-00C04F79EFBC}") = "FastRsync", "FastRsync\FastRsync.csproj", "{FC540D54-A31D-471D-BE32-C28A384341FF}"
EndProject
Global
	GlobalSection(SolutionConfigurationPlatforms) = preSolution
		Debug|Any CPU = Debug|Any CPU
		Release|Any CPU = Release|Any CPU
	EndGlobalSection
	GlobalSection(ProjectConfigurationPlatforms) = postSolution
		{CF4B2B1E-71C3-4C8F-92C1-60B2D617A186}.Debug|Any CPU.ActiveCfg = Debug|Any CPU
		{CF4B2B1E-71C3-4C8F-92C1-60B2D617A186}.Debug|Any CPU.Build.0 = Debug|Any CPU
		{CF4B2B1E-71C3-4C8F-92C1-60B2D617A186}.Release|Any CPU.ActiveCfg = Release|Any CPU
		{CF4B2B1E-71C3-4C8F-92C1-60B2D617A186}.Release|Any CPU.Build.0 = Release|Any CPU
		{040122B6-214A-470A-BEB0-A2779E7EE3EC}.Debug|Any CPU.ActiveCfg = Debug|Any CPU
		{040122B6-214A-470A-BEB0-A2779E7EE3EC}.Debug|Any CPU.Build.0 = Debug|Any CPU
		{040122B6-214A-470A-BEB0-A2779E7EE3EC}.Release|Any CPU.ActiveCfg = Release|Any CPU
		{040122B6-214A-470A-BEB0-A2779E7EE3EC}.Release|Any CPU.Build.0 = Release|Any CPU
		{FC540D54-A31D-471D-BE32-C28A384341FF}.Debug|Any CPU.ActiveCfg = Debug|Any CPU
		{FC540D54-A31D-471D-BE32-C28A384341FF}.Debug|Any CPU.Build.0 = Debug|Any CPU
		{FC540D54-A31D-471D-BE32-C28A384341FF}.Release|Any CPU.ActiveCfg = Release|Any CPU
		{FC540D54-A31D-471D-BE32-C28A384341FF}.Release|Any CPU.Build.0 = Release|Any CPU
	EndGlobalSection
	GlobalSection(SolutionProperties) = preSolution
		HideSolutionNode = FALSE
	EndGlobalSection
	GlobalSection(ExtensibilityGlobals) = postSolution
		SolutionGuid = {224F70BE-E28E-4785-BF95-6E2F2B74893D}
	EndGlobalSection
EndGlobal
